<?xml version="1.0" encoding="utf-8"?>
<Project ToolsVersion="17.0" xmlns="http://schemas.microsoft.com/developer/msbuild/2003">
  <ItemGroup>
    <ClCompile Include="D:\dev\MyGitHub\colortwist\lib\colortwist.cpp">
      <Filter>Source Files</Filter>
    </ClCompile>
    <ClCompile Include="D:\dev\MyGitHub\colortwist\lib\colortwist_c.cpp">
      <Filter>Source Files</Filter>
    </ClCompile>
    <ClCompile Include="D:\dev\MyGitHub\colortwist\lib\colortwist_ipp.cpp">
      <Filter>Source Files</Filter>
    </ClCompile>
    <ClCompile Include="D:\dev\MyGitHub\colortwist\lib\colortwist_avx.cpp">
      <Filter>Source Files</Filter>
    </ClCompile>
    <ClCompile Include="D:\dev\MyGitHub\colortwist\lib\colortwist_neon.cpp">
      <Filter>Source Files</Filter>
    </ClCompile>
    <ClCompile Include="D:\dev\MyGitHub\colortwist\lib\utils.cpp">
      <Filter>Source Files</Filter>
    </ClCompile>
  </ItemGroup>
  <ItemGroup>
    <ClInclude Include="D:\dev\MyGitHub\colortwist\lib\colortwist.h">
      <Filter>Header Files</Filter>
    </ClInclude>
    <ClInclude Include="D:\dev\MyGitHub\colortwist\lib\colortwist_c.h">
      <Filter>Header Files</Filter>
    </ClInclude>
    <ClInclude Include="D:\dev\MyGitHub\colortwist\lib\colortwist_ipp.h">
      <Filter>Header Files</Filter>
    </ClInclude>
    <ClInclude Include="D:\dev\MyGitHub\colortwist\lib\colortwist_avx.h">
      <Filter>Header Files</Filter>
    </ClInclude>
    <ClInclude Include="D:\dev\MyGitHub\colortwist\lib\colortwist_neon.h">
      <Filter>Header Files</Filter>
    </ClInclude>
    <ClInclude Include="D:\dev\MyGitHub\colortwist\lib\utils.h">
      <Filter>Header Files</Filter>
    </ClInclude>
  </ItemGroup>
  <ItemGroup>
    <CustomBuild Include="D:\dev\MyGitHub\colortwist\lib\CMakeLists.txt" />
  </ItemGroup>
  <ItemGroup>
    <Filter Include="Header Files">
      <UniqueIdentifier>{9892FA69-B8C3-33C2-A004-FF1FFDD9C0B9}</UniqueIdentifier>
    </Filter>
    <Filter Include="Source Files">
      <UniqueIdentifier>{C73CB975-1A27-31CB-AA41-D67A520A4DEC}</UniqueIdentifier>
    </Filter>
  </ItemGroup>
</Project>
